// !$*UTF8*$!
{
	archiveVersion = 1;
	classes = {
	};
	objectVersion = 55;
	objects = {

/* Begin PBXBuildFile section */
		A201CEFB2AFFF342004A4F27 /* GoogleService-Info.plist in Resources */ = {isa = PBXBuildFile; fileRef = A201CEFA2AFFF342004A4F27 /* GoogleService-Info.plist */; };
		A201CEFF2AFFF94D004A4F27 /* GoogleSignIn in Frameworks */ = {isa = PBXBuildFile; productRef = A201CEFE2AFFF94D004A4F27 /* GoogleSignIn */; };
		A201CF012AFFF94D004A4F27 /* GoogleSignInSwift in Frameworks */ = {isa = PBXBuildFile; productRef = A201CF002AFFF94D004A4F27 /* GoogleSignInSwift */; };
		A262A1FC2B042E4C009D3D0C /* SnapsViewController.swift in Sources */ = {isa = PBXBuildFile; fileRef = A262A1FB2B042E4C009D3D0C /* SnapsViewController.swift */; };
		A262A1FE2B04347C009D3D0C /* ImagenViewController.swift in Sources */ = {isa = PBXBuildFile; fileRef = A262A1FD2B04347C009D3D0C /* ImagenViewController.swift */; };
		A262A2012B043F8F009D3D0C /* FirebaseDatabase in Frameworks */ = {isa = PBXBuildFile; productRef = A262A2002B043F8F009D3D0C /* FirebaseDatabase */; };
		A262A2032B043FA7009D3D0C /* FirebaseStorage in Frameworks */ = {isa = PBXBuildFile; productRef = A262A2022B043FA7009D3D0C /* FirebaseStorage */; };
		A262A2052B0448F7009D3D0C /* ElegirUsuarioViewController.swift in Sources */ = {isa = PBXBuildFile; fileRef = A262A2042B0448F7009D3D0C /* ElegirUsuarioViewController.swift */; };
		A262A2092B044EAF009D3D0C /* Usuario.swift in Sources */ = {isa = PBXBuildFile; fileRef = A262A2082B044EAF009D3D0C /* Usuario.swift */; };
		A27617292B0D61CD00B1C5B5 /* Snap.swift in Sources */ = {isa = PBXBuildFile; fileRef = A27617282B0D61CD00B1C5B5 /* Snap.swift */; };
		A276172B2B0D66E700B1C5B5 /* VerSnapViewController.swift in Sources */ = {isa = PBXBuildFile; fileRef = A276172A2B0D66E700B1C5B5 /* VerSnapViewController.swift */; };
		A276172E2B0D694500B1C5B5 /* SDWebImage in Frameworks */ = {isa = PBXBuildFile; productRef = A276172D2B0D694500B1C5B5 /* SDWebImage */; };
		A27617302B0D694500B1C5B5 /* SDWebImageMapKit in Frameworks */ = {isa = PBXBuildFile; productRef = A276172F2B0D694500B1C5B5 /* SDWebImageMapKit */; };
		A2821ECB2AFFDAC100F26957 /* AppDelegate.swift in Sources */ = {isa = PBXBuildFile; fileRef = A2821ECA2AFFDAC100F26957 /* AppDelegate.swift */; };
		A2821ECD2AFFDAC100F26957 /* SceneDelegate.swift in Sources */ = {isa = PBXBuildFile; fileRef = A2821ECC2AFFDAC100F26957 /* SceneDelegate.swift */; };
		A2821ECF2AFFDAC100F26957 /* IniciarSesionViewController.swift in Sources */ = {isa = PBXBuildFile; fileRef = A2821ECE2AFFDAC100F26957 /* IniciarSesionViewController.swift */; };
		A2821ED22AFFDAC100F26957 /* Main.storyboard in Resources */ = {isa = PBXBuildFile; fileRef = A2821ED02AFFDAC100F26957 /* Main.storyboard */; };
		A2821ED42AFFDAC200F26957 /* Assets.xcassets in Resources */ = {isa = PBXBuildFile; fileRef = A2821ED32AFFDAC200F26957 /* Assets.xcassets */; };
		A2821ED72AFFDAC200F26957 /* LaunchScreen.storyboard in Resources */ = {isa = PBXBuildFile; fileRef = A2821ED52AFFDAC200F26957 /* LaunchScreen.storyboard */; };
		A2821EE22AFFDDF600F26957 /* FirebaseAnalytics in Frameworks */ = {isa = PBXBuildFile; productRef = A2821EE12AFFDDF600F26957 /* FirebaseAnalytics */; };
		A2821EE42AFFDDF600F26957 /* FirebaseAnalyticsWithoutAdIdSupport in Frameworks */ = {isa = PBXBuildFile; productRef = A2821EE32AFFDDF600F26957 /* FirebaseAnalyticsWithoutAdIdSupport */; };
		A2821EE62AFFDDF600F26957 /* FirebaseAuth in Frameworks */ = {isa = PBXBuildFile; productRef = A2821EE52AFFDDF600F26957 /* FirebaseAuth */; };
		A28A98392B08FECC00BA0049 /* CrearUsuarioViewController.swift in Sources */ = {isa = PBXBuildFile; fileRef = A28A98382B08FECC00BA0049 /* CrearUsuarioViewController.swift */; };
/* End PBXBuildFile section */

/* Begin PBXFileReference section */
		A201CEFA2AFFF342004A4F27 /* GoogleService-Info.plist */ = {isa = PBXFileReference; fileEncoding = 4; lastKnownFileType = text.plist.xml; name = "GoogleService-Info.plist"; path = "../../../Downloads/GoogleService-Info.plist"; sourceTree = "<group>"; };
		A262A1FB2B042E4C009D3D0C /* SnapsViewController.swift */ = {isa = PBXFileReference; lastKnownFileType = sourcecode.swift; path = SnapsViewController.swift; sourceTree = "<group>"; };
		A262A1FD2B04347C009D3D0C /* ImagenViewController.swift */ = {isa = PBXFileReference; lastKnownFileType = sourcecode.swift; path = ImagenViewController.swift; sourceTree = "<group>"; };
		A262A2042B0448F7009D3D0C /* ElegirUsuarioViewController.swift */ = {isa = PBXFileReference; lastKnownFileType = sourcecode.swift; path = ElegirUsuarioViewController.swift; sourceTree = "<group>"; };
		A262A2082B044EAF009D3D0C /* Usuario.swift */ = {isa = PBXFileReference; lastKnownFileType = sourcecode.swift; path = Usuario.swift; sourceTree = "<group>"; };
		A27617282B0D61CD00B1C5B5 /* Snap.swift */ = {isa = PBXFileReference; lastKnownFileType = sourcecode.swift; path = Snap.swift; sourceTree = "<group>"; };
		A276172A2B0D66E700B1C5B5 /* VerSnapViewController.swift */ = {isa = PBXFileReference; lastKnownFileType = sourcecode.swift; path = VerSnapViewController.swift; sourceTree = "<group>"; };
		A2821EC72AFFDAC100F26957 /* YRojasSnapchat.app */ = {isa = PBXFileReference; explicitFileType = wrapper.application; includeInIndex = 0; path = YRojasSnapchat.app; sourceTree = BUILT_PRODUCTS_DIR; };
		A2821ECA2AFFDAC100F26957 /* AppDelegate.swift */ = {isa = PBXFileReference; lastKnownFileType = sourcecode.swift; path = AppDelegate.swift; sourceTree = "<group>"; };
		A2821ECC2AFFDAC100F26957 /* SceneDelegate.swift */ = {isa = PBXFileReference; lastKnownFileType = sourcecode.swift; path = SceneDelegate.swift; sourceTree = "<group>"; };
		A2821ECE2AFFDAC100F26957 /* IniciarSesionViewController.swift */ = {isa = PBXFileReference; lastKnownFileType = sourcecode.swift; path = IniciarSesionViewController.swift; sourceTree = "<group>"; };
		A2821ED12AFFDAC100F26957 /* Base */ = {isa = PBXFileReference; lastKnownFileType = file.storyboard; name = Base; path = Base.lproj/Main.storyboard; sourceTree = "<group>"; };
		A2821ED32AFFDAC200F26957 /* Assets.xcassets */ = {isa = PBXFileReference; lastKnownFileType = folder.assetcatalog; path = Assets.xcassets; sourceTree = "<group>"; };
		A2821ED62AFFDAC200F26957 /* Base */ = {isa = PBXFileReference; lastKnownFileType = file.storyboard; name = Base; path = Base.lproj/LaunchScreen.storyboard; sourceTree = "<group>"; };
		A2821ED82AFFDAC200F26957 /* Info.plist */ = {isa = PBXFileReference; lastKnownFileType = text.plist.xml; path = Info.plist; sourceTree = "<group>"; };
		A28A98382B08FECC00BA0049 /* CrearUsuarioViewController.swift */ = {isa = PBXFileReference; lastKnownFileType = sourcecode.swift; path = CrearUsuarioViewController.swift; sourceTree = "<group>"; };
/* End PBXFileReference section */

/* Begin PBXFrameworksBuildPhase section */
		A2821EC42AFFDAC100F26957 /* Frameworks */ = {
			isa = PBXFrameworksBuildPhase;
			buildActionMask = 2147483647;
			files = (
				A262A2012B043F8F009D3D0C /* FirebaseDatabase in Frameworks */,
				A27617302B0D694500B1C5B5 /* SDWebImageMapKit in Frameworks */,
				A201CF012AFFF94D004A4F27 /* GoogleSignInSwift in Frameworks */,
				A276172E2B0D694500B1C5B5 /* SDWebImage in Frameworks */,
				A2821EE22AFFDDF600F26957 /* FirebaseAnalytics in Frameworks */,
				A201CEFF2AFFF94D004A4F27 /* GoogleSignIn in Frameworks */,
				A262A2032B043FA7009D3D0C /* FirebaseStorage in Frameworks */,
				A2821EE62AFFDDF600F26957 /* FirebaseAuth in Frameworks */,
				A2821EE42AFFDDF600F26957 /* FirebaseAnalyticsWithoutAdIdSupport in Frameworks */,
			);
			runOnlyForDeploymentPostprocessing = 0;
		};
/* End PBXFrameworksBuildPhase section */

/* Begin PBXGroup section */
		A262A1FF2B043F8F009D3D0C /* Frameworks */ = {
			isa = PBXGroup;
			children = (
			);
			name = Frameworks;
			sourceTree = "<group>";
		};
		A262A2062B044E18009D3D0C /* ViewControllers */ = {
			isa = PBXGroup;
			children = (
				A262A1FD2B04347C009D3D0C /* ImagenViewController.swift */,
				A2821ECE2AFFDAC100F26957 /* IniciarSesionViewController.swift */,
				A262A1FB2B042E4C009D3D0C /* SnapsViewController.swift */,
				A262A2042B0448F7009D3D0C /* ElegirUsuarioViewController.swift */,
				A28A98382B08FECC00BA0049 /* CrearUsuarioViewController.swift */,
				A276172A2B0D66E700B1C5B5 /* VerSnapViewController.swift */,
			);
			path = ViewControllers;
			sourceTree = "<group>";
		};
		A262A2072B044E7B009D3D0C /* Modelos */ = {
			isa = PBXGroup;
			children = (
				A262A2082B044EAF009D3D0C /* Usuario.swift */,
				A27617282B0D61CD00B1C5B5 /* Snap.swift */,
			);
			path = Modelos;
			sourceTree = "<group>";
		};
		A2821EBE2AFFDAC100F26957 = {
			isa = PBXGroup;
			children = (
				A2821EC92AFFDAC100F26957 /* YRojasSnapchat */,
				A2821EC82AFFDAC100F26957 /* Products */,
				A262A1FF2B043F8F009D3D0C /* Frameworks */,
			);
			sourceTree = "<group>";
		};
		A2821EC82AFFDAC100F26957 /* Products */ = {
			isa = PBXGroup;
			children = (
				A2821EC72AFFDAC100F26957 /* YRojasSnapchat.app */,
			);
			name = Products;
			sourceTree = "<group>";
		};
		A2821EC92AFFDAC100F26957 /* YRojasSnapchat */ = {
			isa = PBXGroup;
			children = (
				A262A2072B044E7B009D3D0C /* Modelos */,
				A262A2062B044E18009D3D0C /* ViewControllers */,
				A2821ECA2AFFDAC100F26957 /* AppDelegate.swift */,
				A2821ECC2AFFDAC100F26957 /* SceneDelegate.swift */,
				A2821ED02AFFDAC100F26957 /* Main.storyboard */,
				A2821ED32AFFDAC200F26957 /* Assets.xcassets */,
				A2821ED52AFFDAC200F26957 /* LaunchScreen.storyboard */,
				A201CEFA2AFFF342004A4F27 /* GoogleService-Info.plist */,
				A2821ED82AFFDAC200F26957 /* Info.plist */,
			);
			path = YRojasSnapchat;
			sourceTree = "<group>";
		};
/* End PBXGroup section */

/* Begin PBXNativeTarget section */
		A2821EC62AFFDAC100F26957 /* YRojasSnapchat */ = {
			isa = PBXNativeTarget;
			buildConfigurationList = A2821EDB2AFFDAC200F26957 /* Build configuration list for PBXNativeTarget "YRojasSnapchat" */;
			buildPhases = (
				A2821EC32AFFDAC100F26957 /* Sources */,
				A2821EC42AFFDAC100F26957 /* Frameworks */,
				A2821EC52AFFDAC100F26957 /* Resources */,
			);
			buildRules = (
			);
			dependencies = (
			);
			name = YRojasSnapchat;
			packageProductDependencies = (
				A2821EE12AFFDDF600F26957 /* FirebaseAnalytics */,
				A2821EE32AFFDDF600F26957 /* FirebaseAnalyticsWithoutAdIdSupport */,
				A2821EE52AFFDDF600F26957 /* FirebaseAuth */,
				A201CEFE2AFFF94D004A4F27 /* GoogleSignIn */,
				A201CF002AFFF94D004A4F27 /* GoogleSignInSwift */,
				A262A2002B043F8F009D3D0C /* FirebaseDatabase */,
				A262A2022B043FA7009D3D0C /* FirebaseStorage */,
				A276172D2B0D694500B1C5B5 /* SDWebImage */,
				A276172F2B0D694500B1C5B5 /* SDWebImageMapKit */,
			);
			productName = YRojasSnapchat;
			productReference = A2821EC72AFFDAC100F26957 /* YRojasSnapchat.app */;
			productType = "com.apple.product-type.application";
		};
/* End PBXNativeTarget section */

/* Begin PBXProject section */
		A2821EBF2AFFDAC100F26957 /* Project object */ = {
			isa = PBXProject;
			attributes = {
				BuildIndependentTargetsInParallel = 1;
				LastSwiftUpdateCheck = 1340;
				LastUpgradeCheck = 1340;
				TargetAttributes = {
					A2821EC62AFFDAC100F26957 = {
						CreatedOnToolsVersion = 13.4.1;
					};
				};
			};
			buildConfigurationList = A2821EC22AFFDAC100F26957 /* Build configuration list for PBXProject "YRojasSnapchat" */;
			compatibilityVersion = "Xcode 13.0";
			developmentRegion = en;
			hasScannedForEncodings = 0;
			knownRegions = (
				en,
				Base,
			);
			mainGroup = A2821EBE2AFFDAC100F26957;
			packageReferences = (
				A2821EE02AFFDDF600F26957 /* XCRemoteSwiftPackageReference "firebase-ios-sdk" */,
				A201CEFC2AFFF84C004A4F27 /* XCRemoteSwiftPackageReference "GoogleSignIn-iOS" */,
				A201CEFD2AFFF94D004A4F27 /* XCRemoteSwiftPackageReference "GoogleSignIn-iOS" */,
				A276172C2B0D694500B1C5B5 /* XCRemoteSwiftPackageReference "SDWebImage" */,
			);
			productRefGroup = A2821EC82AFFDAC100F26957 /* Products */;
			projectDirPath = "";
			projectRoot = "";
			targets = (
				A2821EC62AFFDAC100F26957 /* YRojasSnapchat */,
			);
		};
/* End PBXProject section */

/* Begin PBXResourcesBuildPhase section */
		A2821EC52AFFDAC100F26957 /* Resources */ = {
			isa = PBXResourcesBuildPhase;
			buildActionMask = 2147483647;
			files = (
				A2821ED72AFFDAC200F26957 /* LaunchScreen.storyboard in Resources */,
				A201CEFB2AFFF342004A4F27 /* GoogleService-Info.plist in Resources */,
				A2821ED42AFFDAC200F26957 /* Assets.xcassets in Resources */,
				A2821ED22AFFDAC100F26957 /* Main.storyboard in Resources */,
			);
			runOnlyForDeploymentPostprocessing = 0;
		};
/* End PBXResourcesBuildPhase section */

/* Begin PBXSourcesBuildPhase section */
		A2821EC32AFFDAC100F26957 /* Sources */ = {
			isa = PBXSourcesBuildPhase;
			buildActionMask = 2147483647;
			files = (
				A262A1FC2B042E4C009D3D0C /* SnapsViewController.swift in Sources */,
				A262A1FE2B04347C009D3D0C /* ImagenViewController.swift in Sources */,
				A27617292B0D61CD00B1C5B5 /* Snap.swift in Sources */,
				A262A2092B044EAF009D3D0C /* Usuario.swift in Sources */,
				A276172B2B0D66E700B1C5B5 /* VerSnapViewController.swift in Sources */,
				A2821ECF2AFFDAC100F26957 /* IniciarSesionViewController.swift in Sources */,
				A2821ECB2AFFDAC100F26957 /* AppDelegate.swift in Sources */,
				A2821ECD2AFFDAC100F26957 /* SceneDelegate.swift in Sources */,
				A28A98392B08FECC00BA0049 /* CrearUsuarioViewController.swift in Sources */,
				A262A2052B0448F7009D3D0C /* ElegirUsuarioViewController.swift in Sources */,
			);
			runOnlyForDeploymentPostprocessing = 0;
		};
/* End PBXSourcesBuildPhase section */

/* Begin PBXVariantGroup section */
		A2821ED02AFFDAC100F26957 /* Main.storyboard */ = {
			isa = PBXVariantGroup;
			children = (
				A2821ED12AFFDAC100F26957 /* Base */,
			);
			name = Main.storyboard;
			sourceTree = "<group>";
		};
		A2821ED52AFFDAC200F26957 /* LaunchScreen.storyboard */ = {
			isa = PBXVariantGroup;
			children = (
				A2821ED62AFFDAC200F26957 /* Base */,
			);
			name = LaunchScreen.storyboard;
			sourceTree = "<group>";
		};
/* End PBXVariantGroup section */

/* Begin XCBuildConfiguration section */
		A2821ED92AFFDAC200F26957 /* Debug */ = {
			isa = XCBuildConfiguration;
			buildSettings = {
				ALWAYS_SEARCH_USER_PATHS = NO;
				CLANG_ANALYZER_NONNULL = YES;
				CLANG_ANALYZER_NUMBER_OBJECT_CONVERSION = YES_AGGRESSIVE;
				CLANG_CXX_LANGUAGE_STANDARD = "gnu++17";
				CLANG_ENABLE_MODULES = YES;
				CLANG_ENABLE_OBJC_ARC = YES;
				CLANG_ENABLE_OBJC_WEAK = YES;
				CLANG_WARN_BLOCK_CAPTURE_AUTORELEASING = YES;
				CLANG_WARN_BOOL_CONVERSION = YES;
				CLANG_WARN_COMMA = YES;
				CLANG_WARN_CONSTANT_CONVERSION = YES;
				CLANG_WARN_DEPRECATED_OBJC_IMPLEMENTATIONS = YES;
				CLANG_WARN_DIRECT_OBJC_ISA_USAGE = YES_ERROR;
				CLANG_WARN_DOCUMENTATION_COMMENTS = YES;
				CLANG_WARN_EMPTY_BODY = YES;
				CLANG_WARN_ENUM_CONVERSION = YES;
				CLANG_WARN_INFINITE_RECURSION = YES;
				CLANG_WARN_INT_CONVERSION = YES;
				CLANG_WARN_NON_LITERAL_NULL_CONVERSION = YES;
				CLANG_WARN_OBJC_IMPLICIT_RETAIN_SELF = YES;
				CLANG_WARN_OBJC_LITERAL_CONVERSION = YES;
				CLANG_WARN_OBJC_ROOT_CLASS = YES_ERROR;
				CLANG_WARN_QUOTED_INCLUDE_IN_FRAMEWORK_HEADER = YES;
				CLANG_WARN_RANGE_LOOP_ANALYSIS = YES;
				CLANG_WARN_STRICT_PROTOTYPES = YES;
				CLANG_WARN_SUSPICIOUS_MOVE = YES;
				CLANG_WARN_UNGUARDED_AVAILABILITY = YES_AGGRESSIVE;
				CLANG_WARN_UNREACHABLE_CODE = YES;
				CLANG_WARN__DUPLICATE_METHOD_MATCH = YES;
				COPY_PHASE_STRIP = NO;
				DEBUG_INFORMATION_FORMAT = dwarf;
				ENABLE_STRICT_OBJC_MSGSEND = YES;
				ENABLE_TESTABILITY = YES;
				GCC_C_LANGUAGE_STANDARD = gnu11;
				GCC_DYNAMIC_NO_PIC = NO;
				GCC_NO_COMMON_BLOCKS = YES;
				GCC_OPTIMIZATION_LEVEL = 0;
				GCC_PREPROCESSOR_DEFINITIONS = (
					"DEBUG=1",
					"$(inherited)",
				);
				GCC_WARN_64_TO_32_BIT_CONVERSION = YES;
				GCC_WARN_ABOUT_RETURN_TYPE = YES_ERROR;
				GCC_WARN_UNDECLARED_SELECTOR = YES;
				GCC_WARN_UNINITIALIZED_AUTOS = YES_AGGRESSIVE;
				GCC_WARN_UNUSED_FUNCTION = YES;
				GCC_WARN_UNUSED_VARIABLE = YES;
				IPHONEOS_DEPLOYMENT_TARGET = 15.5;
				MTL_ENABLE_DEBUG_INFO = INCLUDE_SOURCE;
				MTL_FAST_MATH = YES;
				ONLY_ACTIVE_ARCH = YES;
				SDKROOT = iphoneos;
				SWIFT_ACTIVE_COMPILATION_CONDITIONS = DEBUG;
				SWIFT_OPTIMIZATION_LEVEL = "-Onone";
			};
			name = Debug;
		};
		A2821EDA2AFFDAC200F26957 /* Release */ = {
			isa = XCBuildConfiguration;
			buildSettings = {
				ALWAYS_SEARCH_USER_PATHS = NO;
				CLANG_ANALYZER_NONNULL = YES;
				CLANG_ANALYZER_NUMBER_OBJECT_CONVERSION = YES_AGGRESSIVE;
				CLANG_CXX_LANGUAGE_STANDARD = "gnu++17";
				CLANG_ENABLE_MODULES = YES;
				CLANG_ENABLE_OBJC_ARC = YES;
				CLANG_ENABLE_OBJC_WEAK = YES;
				CLANG_WARN_BLOCK_CAPTURE_AUTORELEASING = YES;
				CLANG_WARN_BOOL_CONVERSION = YES;
				CLANG_WARN_COMMA = YES;
				CLANG_WARN_CONSTANT_CONVERSION = YES;
				CLANG_WARN_DEPRECATED_OBJC_IMPLEMENTATIONS = YES;
				CLANG_WARN_DIRECT_OBJC_ISA_USAGE = YES_ERROR;
				CLANG_WARN_DOCUMENTATION_COMMENTS = YES;
				CLANG_WARN_EMPTY_BODY = YES;
				CLANG_WARN_ENUM_CONVERSION = YES;
				CLANG_WARN_INFINITE_RECURSION = YES;
				CLANG_WARN_INT_CONVERSION = YES;
				CLANG_WARN_NON_LITERAL_NULL_CONVERSION = YES;
				CLANG_WARN_OBJC_IMPLICIT_RETAIN_SELF = YES;
				CLANG_WARN_OBJC_LITERAL_CONVERSION = YES;
				CLANG_WARN_OBJC_ROOT_CLASS = YES_ERROR;
				CLANG_WARN_QUOTED_INCLUDE_IN_FRAMEWORK_HEADER = YES;
				CLANG_WARN_RANGE_LOOP_ANALYSIS = YES;
				CLANG_WARN_STRICT_PROTOTYPES = YES;
				CLANG_WARN_SUSPICIOUS_MOVE = YES;
				CLANG_WARN_UNGUARDED_AVAILABILITY = YES_AGGRESSIVE;
				CLANG_WARN_UNREACHABLE_CODE = YES;
				CLANG_WARN__DUPLICATE_METHOD_MATCH = YES;
				COPY_PHASE_STRIP = NO;
				DEBUG_INFORMATION_FORMAT = "dwarf-with-dsym";
				ENABLE_NS_ASSERTIONS = NO;
				ENABLE_STRICT_OBJC_MSGSEND = YES;
				GCC_C_LANGUAGE_STANDARD = gnu11;
				GCC_NO_COMMON_BLOCKS = YES;
				GCC_WARN_64_TO_32_BIT_CONVERSION = YES;
				GCC_WARN_ABOUT_RETURN_TYPE = YES_ERROR;
				GCC_WARN_UNDECLARED_SELECTOR = YES;
				GCC_WARN_UNINITIALIZED_AUTOS = YES_AGGRESSIVE;
				GCC_WARN_UNUSED_FUNCTION = YES;
				GCC_WARN_UNUSED_VARIABLE = YES;
				IPHONEOS_DEPLOYMENT_TARGET = 15.5;
				MTL_ENABLE_DEBUG_INFO = NO;
				MTL_FAST_MATH = YES;
				SDKROOT = iphoneos;
				SWIFT_COMPILATION_MODE = wholemodule;
				SWIFT_OPTIMIZATION_LEVEL = "-O";
				VALIDATE_PRODUCT = YES;
			};
			name = Release;
		};
		A2821EDC2AFFDAC200F26957 /* Debug */ = {
			isa = XCBuildConfiguration;
			buildSettings = {
				ASSETCATALOG_COMPILER_APPICON_NAME = AppIcon;
				ASSETCATALOG_COMPILER_GLOBAL_ACCENT_COLOR_NAME = AccentColor;
				CODE_SIGN_STYLE = Automatic;
				CURRENT_PROJECT_VERSION = 1;
				GENERATE_INFOPLIST_FILE = YES;
				INFOPLIST_FILE = YRojasSnapchat/Info.plist;
				INFOPLIST_KEY_UIApplicationSupportsIndirectInputEvents = YES;
				INFOPLIST_KEY_UILaunchStoryboardName = LaunchScreen;
				INFOPLIST_KEY_UIMainStoryboardFile = Main;
				INFOPLIST_KEY_UISupportedInterfaceOrientations_iPad = "UIInterfaceOrientationPortrait UIInterfaceOrientationPortraitUpsideDown UIInterfaceOrientationLandscapeLeft UIInterfaceOrientationLandscapeRight";
				INFOPLIST_KEY_UISupportedInterfaceOrientations_iPhone = "UIInterfaceOrientationPortrait UIInterfaceOrientationLandscapeLeft UIInterfaceOrientationLandscapeRight";
				LD_RUNPATH_SEARCH_PATHS = (
					"$(inherited)",
					"@executable_path/Frameworks",
				);
				MARKETING_VERSION = 1.0;
				PRODUCT_BUNDLE_IDENTIFIER = ynrh.YRojasSnapchat;
				PRODUCT_NAME = "$(TARGET_NAME)";
				SWIFT_EMIT_LOC_STRINGS = YES;
				SWIFT_VERSION = 5.0;
				TARGETED_DEVICE_FAMILY = "1,2";
			};
			name = Debug;
		};
		A2821EDD2AFFDAC200F26957 /* Release */ = {
			isa = XCBuildConfiguration;
			buildSettings = {
				ASSETCATALOG_COMPILER_APPICON_NAME = AppIcon;
				ASSETCATALOG_COMPILER_GLOBAL_ACCENT_COLOR_NAME = AccentColor;
				CODE_SIGN_STYLE = Automatic;
				CURRENT_PROJECT_VERSION = 1;
				GENERATE_INFOPLIST_FILE = YES;
				INFOPLIST_FILE = YRojasSnapchat/Info.plist;
				INFOPLIST_KEY_UIApplicationSupportsIndirectInputEvents = YES;
				INFOPLIST_KEY_UILaunchStoryboardName = LaunchScreen;
				INFOPLIST_KEY_UIMainStoryboardFile = Main;
				INFOPLIST_KEY_UISupportedInterfaceOrientations_iPad = "UIInterfaceOrientationPortrait UIInterfaceOrientationPortraitUpsideDown UIInterfaceOrientationLandscapeLeft UIInterfaceOrientationLandscapeRight";
				INFOPLIST_KEY_UISupportedInterfaceOrientations_iPhone = "UIInterfaceOrientationPortrait UIInterfaceOrientationLandscapeLeft UIInterfaceOrientationLandscapeRight";
				LD_RUNPATH_SEARCH_PATHS = (
					"$(inherited)",
					"@executable_path/Frameworks",
				);
				MARKETING_VERSION = 1.0;
				PRODUCT_BUNDLE_IDENTIFIER = ynrh.YRojasSnapchat;
				PRODUCT_NAME = "$(TARGET_NAME)";
				SWIFT_EMIT_LOC_STRINGS = YES;
				SWIFT_VERSION = 5.0;
				TARGETED_DEVICE_FAMILY = "1,2";
			};
			name = Release;
		};
/* End XCBuildConfiguration section */

/* Begin XCConfigurationList section */
		A2821EC22AFFDAC100F26957 /* Build configuration list for PBXProject "YRojasSnapchat" */ = {
			isa = XCConfigurationList;
			buildConfigurations = (
				A2821ED92AFFDAC200F26957 /* Debug */,
				A2821EDA2AFFDAC200F26957 /* Release */,
			);
			defaultConfigurationIsVisible = 0;
			defaultConfigurationName = Release;
		};
		A2821EDB2AFFDAC200F26957 /* Build configuration list for PBXNativeTarget "YRojasSnapchat" */ = {
			isa = XCConfigurationList;
			buildConfigurations = (
				A2821EDC2AFFDAC200F26957 /* Debug */,
				A2821EDD2AFFDAC200F26957 /* Release */,
			);
			defaultConfigurationIsVisible = 0;
			defaultConfigurationName = Release;
		};
/* End XCConfigurationList section */

/* Begin XCRemoteSwiftPackageReference section */
		A201CEFC2AFFF84C004A4F27 /* XCRemoteSwiftPackageReference "GoogleSignIn-iOS" */ = {
			isa = XCRemoteSwiftPackageReference;
			repositoryURL = "https://github.com/google/GoogleSignIn-iOS";
			requirement = {
				kind = upToNextMajorVersion;
				minimumVersion = 7.0.0;
			};
		};
		A201CEFD2AFFF94D004A4F27 /* XCRemoteSwiftPackageReference "GoogleSignIn-iOS" */ = {
			isa = XCRemoteSwiftPackageReference;
			repositoryURL = "https://github.com/google/GoogleSignIn-iOS";
			requirement = {
				branch = main;
				kind = branch;
			};
		};
		A276172C2B0D694500B1C5B5 /* XCRemoteSwiftPackageReference "SDWebImage" */ = {
			isa = XCRemoteSwiftPackageReference;
			repositoryURL = "https://github.com/SDWebImage/SDWebImage";
			requirement = {
				kind = upToNextMajorVersion;
				minimumVersion = 5.0.0;
			};
		};
		A2821EE02AFFDDF600F26957 /* XCRemoteSwiftPackageReference "firebase-ios-sdk" */ = {
			isa = XCRemoteSwiftPackageReference;
			repositoryURL = "https://github.com/firebase/firebase-ios-sdk";
			requirement = {
				kind = upToNextMajorVersion;
				minimumVersion = 9.0.0;
			};
		};
/* End XCRemoteSwiftPackageReference section */

/* Begin XCSwiftPackageProductDependency section */
		A201CEFE2AFFF94D004A4F27 /* GoogleSignIn */ = {
			isa = XCSwiftPackageProductDependency;
			package = A201CEFD2AFFF94D004A4F27 /* XCRemoteSwiftPackageReference "GoogleSignIn-iOS" */;
			productName = GoogleSignIn;
		};
		A201CF002AFFF94D004A4F27 /* GoogleSignInSwift */ = {
			isa = XCSwiftPackageProductDependency;
			package = A201CEFD2AFFF94D004A4F27 /* XCRemoteSwiftPackageReference "GoogleSignIn-iOS" */;
			productName = GoogleSignInSwift;
		};
		A262A2002B043F8F009D3D0C /* FirebaseDatabase */ = {
			isa = XCSwiftPackageProductDependency;
			package = A2821EE02AFFDDF600F26957 /* XCRemoteSwiftPackageReference "firebase-ios-sdk" */;
			productName = FirebaseDatabase;
		};
		A262A2022B043FA7009D3D0C /* FirebaseStorage */ = {
			isa = XCSwiftPackageProductDependency;
			package = A2821EE02AFFDDF600F26957 /* XCRemoteSwiftPackageReference "firebase-ios-sdk" */;
			productName = FirebaseStorage;
		};
		A276172D2B0D694500B1C5B5 /* SDWebImage */ = {
			isa = XCSwiftPackageProductDependency;
			package = A276172C2B0D694500B1C5B5 /* XCRemoteSwiftPackageReference "SDWebImage" */;
			productName = SDWebImage;
		};
		A276172F2B0D694500B1C5B5 /* SDWebImageMapKit */ = {
			isa = XCSwiftPackageProductDependency;
			package = A276172C2B0D694500B1C5B5 /* XCRemoteSwiftPackageReference "SDWebImage" */;
			productName = SDWebImageMapKit;
		};
		A2821EE12AFFDDF600F26957 /* FirebaseAnalytics */ = {
			isa = XCSwiftPackageProductDependency;
			package = A2821EE02AFFDDF600F26957 /* XCRemoteSwiftPackageReference "firebase-ios-sdk" */;
			productName = FirebaseAnalytics;
		};
		A2821EE32AFFDDF600F26957 /* FirebaseAnalyticsWithoutAdIdSupport */ = {
			isa = XCSwiftPackageProductDependency;
			package = A2821EE02AFFDDF600F26957 /* XCRemoteSwiftPackageReference "firebase-ios-sdk" */;
			productName = FirebaseAnalyticsWithoutAdIdSupport;
		};
		A2821EE52AFFDDF600F26957 /* FirebaseAuth */ = {
			isa = XCSwiftPackageProductDependency;
			package = A2821EE02AFFDDF600F26957 /* XCRemoteSwiftPackageReference "firebase-ios-sdk" */;
			productName = FirebaseAuth;
		};
/* End XCSwiftPackageProductDependency section */
	};
	rootObject = A2821EBF2AFFDAC100F26957 /* Project object */;
}
